{
  "pins" : [
    {
      "identity" : "popupview",
      "kind" : "remoteSourceControl",
      "location" : "https://github.com/exyte/PopupView.git",
      "state" : {
        "revision" : "1ee6f91fe06ed2c1bdc7ebdae5073a2a8da73807",
        "version" : "2.1.3"
      }
    }
  ],
  "version" : 2
}
